
Microsoft Visual Studio Solution File, Format Version 12.00
# Visual Studio Version 16
VisualStudioVersion = 16.0.29403.142
MinimumVisualStudioVersion = 10.0.40219.1
Project("{FAE04EC0-301F-11D3-BF4B-00C04F79EFBC}") = "Gæt tallet (uden tasks)", "Gæt tallet (uden tasks)\Gæt tallet (uden tasks).csproj", "{B180000E-5FCD-47B9-BE26-924CC4BDB7BD}"
EndProject
Global
	GlobalSection(SolutionConfigurationPlatforms) = preSolution
		Debug|Any CPU = Debug|Any CPU
		Release|Any CPU = Release|Any CPU
	EndGlobalSection
	GlobalSection(ProjectConfigurationPlatforms) = postSolution
		{B180000E-5FCD-47B9-BE26-924CC4BDB7BD}.Debug|Any CPU.ActiveCfg = Debug|Any CPU
		{B180000E-5FCD-47B9-BE26-924CC4BDB7BD}.Debug|Any CPU.Build.0 = Debug|Any CPU
		{B180000E-5FCD-47B9-BE26-924CC4BDB7BD}.Release|Any CPU.ActiveCfg = Release|Any CPU
		{B180000E-5FCD-47B9-BE26-924CC4BDB7BD}.Release|Any CPU.Build.0 = Release|Any CPU
	EndGlobalSection
	GlobalSection(SolutionProperties) = preSolution
		HideSolutionNode = FALSE
	EndGlobalSection
	GlobalSection(ExtensibilityGlobals) = postSolution
		SolutionGuid = {61BEC4D7-944E-4883-BA1B-67FF20DDDE7F}
	EndGlobalSection
EndGlobal
