
Microsoft Visual Studio Solution File, Format Version 12.00
# Visual Studio Version 16
VisualStudioVersion = 16.0.29403.142
MinimumVisualStudioVersion = 10.0.40219.1
Project("{FAE04EC0-301F-11D3-BF4B-00C04F79EFBC}") = "Access Modifiers DLL", "Access Modifiers DLL\Access Modifiers DLL.csproj", "{3CDFF571-4059-4992-BC21-54F55557AB57}"
EndProject
Global
	GlobalSection(SolutionConfigurationPlatforms) = preSolution
		Debug|Any CPU = Debug|Any CPU
		Release|Any CPU = Release|Any CPU
	EndGlobalSection
	GlobalSection(ProjectConfigurationPlatforms) = postSolution
		{3CDFF571-4059-4992-BC21-54F55557AB57}.Debug|Any CPU.ActiveCfg = Debug|Any CPU
		{3CDFF571-4059-4992-BC21-54F55557AB57}.Debug|Any CPU.Build.0 = Debug|Any CPU
		{3CDFF571-4059-4992-BC21-54F55557AB57}.Release|Any CPU.ActiveCfg = Release|Any CPU
		{3CDFF571-4059-4992-BC21-54F55557AB57}.Release|Any CPU.Build.0 = Release|Any CPU
	EndGlobalSection
	GlobalSection(SolutionProperties) = preSolution
		HideSolutionNode = FALSE
	EndGlobalSection
	GlobalSection(ExtensibilityGlobals) = postSolution
		SolutionGuid = {169F117B-0919-43AA-B0EB-CBDEAC81EAAA}
	EndGlobalSection
EndGlobal
